
Microsoft Visual Studio Solution File, Format Version 12.00
# Visual Studio Version 17
VisualStudioVersion = 17.3.32825.248
MinimumVisualStudioVersion = 10.0.40219.1
Project("{FAE04EC0-301F-11D3-BF4B-00C04F79EFBC}") = "Dyrehandel Database", "Dyrehandel Database\Dyrehandel Database.csproj", "{AA892750-733A-48AC-81B9-93763B9CE2AD}"
EndProject
Global
	GlobalSection(SolutionConfigurationPlatforms) = preSolution
		Debug|Any CPU = Debug|Any CPU
		Release|Any CPU = Release|Any CPU
	EndGlobalSection
	GlobalSection(ProjectConfigurationPlatforms) = postSolution
		{AA892750-733A-48AC-81B9-93763B9CE2AD}.Debug|Any CPU.ActiveCfg = Debug|Any CPU
		{AA892750-733A-48AC-81B9-93763B9CE2AD}.Debug|Any CPU.Build.0 = Debug|Any CPU
		{AA892750-733A-48AC-81B9-93763B9CE2AD}.Release|Any CPU.ActiveCfg = Release|Any CPU
		{AA892750-733A-48AC-81B9-93763B9CE2AD}.Release|Any CPU.Build.0 = Release|Any CPU
	EndGlobalSection
	GlobalSection(SolutionProperties) = preSolution
		HideSolutionNode = FALSE
	EndGlobalSection
	GlobalSection(ExtensibilityGlobals) = postSolution
		SolutionGuid = {A9EE8B77-EF9F-4798-8ABF-B9A96CB66116}
	EndGlobalSection
EndGlobal
